
Microsoft Visual Studio Solution File, Format Version 12.00
# Visual Studio Version 17
VisualStudioVersion = 17.8.34316.72
MinimumVisualStudioVersion = 10.0.40219.1
Project("{FAE04EC0-301F-11D3-BF4B-00C04F79EFBC}") = "assignment1_radgame", "assignment1_radgame.csproj", "{9D57A269-60AA-4600-916B-7D17A6808532}"
EndProject
Global
	GlobalSection(SolutionConfigurationPlatforms) = preSolution
		Debug|Any CPU = Debug|Any CPU
		Release|Any CPU = Release|Any CPU
	EndGlobalSection
	GlobalSection(ProjectConfigurationPlatforms) = postSolution
		{9D57A269-60AA-4600-916B-7D17A6808532}.Debug|Any CPU.ActiveCfg = Debug|Any CPU
		{9D57A269-60AA-4600-916B-7D17A6808532}.Debug|Any CPU.Build.0 = Debug|Any CPU
		{9D57A269-60AA-4600-916B-7D17A6808532}.Release|Any CPU.ActiveCfg = Release|Any CPU
		{9D57A269-60AA-4600-916B-7D17A6808532}.Release|Any CPU.Build.0 = Release|Any CPU
	EndGlobalSection
	GlobalSection(SolutionProperties) = preSolution
		HideSolutionNode = FALSE
	EndGlobalSection
	GlobalSection(ExtensibilityGlobals) = postSolution
		SolutionGuid = {B0535F2B-1909-43D2-ADDF-CFFF9EC83DDD}
	EndGlobalSection
EndGlobal
